// !$*UTF8*$!
{
	archiveVersion = 1;
	classes = {
	};
	objectVersion = 77;
	objects = {

/* Begin PBXBuildFile section */
		3C6C5F5B11664F1CE596C30D /* ShareExtension.appex in Embed Foundation Extensions */ = {isa = PBXBuildFile; fileRef = B4733358D225C801EA0DE04D /* ShareExtension.appex */; settings = {ATTRIBUTES = (RemoveHeadersOnCopy, ); }; };
		6CEE0A539B06665360963E9A /* ShareViewController.swift in Sources */ = {isa = PBXBuildFile; fileRef = EA9B778073049CE5913585B8 /* ShareViewController.swift */; };
		7791C0BE0DFE65E0007BD15B /* ContentView.swift in Sources */ = {isa = PBXBuildFile; fileRef = AA14FA9AA9563231876478D2 /* ContentView.swift */; };
		A9BC54836DB0914D54426086 /* ShareApp.swift in Sources */ = {isa = PBXBuildFile; fileRef = 5200023128021C0D458668B2 /* ShareApp.swift */; };
		BDBC09F4CA290ED40F4A6A71 /* ContentView.swift in Sources */ = {isa = PBXBuildFile; fileRef = AA14FA9AA9563231876478D2 /* ContentView.swift */; };
		D6BDB115BD3034E2C6DBB12A /* ShareApp.swift in Sources */ = {isa = PBXBuildFile; fileRef = 5200023128021C0D458668B2 /* ShareApp.swift */; };
/* End PBXBuildFile section */

/* Begin PBXContainerItemProxy section */
		66CFBE8FAADD98BD698FDD7E /* PBXContainerItemProxy */ = {
			isa = PBXContainerItemProxy;
			containerPortal = BB9E9C2ED142A45F39943AA7 /* Project object */;
			proxyType = 1;
			remoteGlobalIDString = 30F37BD649F188385D7E7B02;
			remoteInfo = ShareExtension;
		};
/* End PBXContainerItemProxy section */

/* Begin PBXCopyFilesBuildPhase section */
		B8EF93A7A9F9DFDFB246455D /* Embed Foundation Extensions */ = {
			isa = PBXCopyFilesBuildPhase;
			buildActionMask = 2147483647;
			dstPath = "";
			dstSubfolderSpec = 13;
			files = (
				3C6C5F5B11664F1CE596C30D /* ShareExtension.appex in Embed Foundation Extensions */,
			);
			name = "Embed Foundation Extensions";
			runOnlyForDeploymentPostprocessing = 0;
		};
/* End PBXCopyFilesBuildPhase section */

/* Begin PBXFileReference section */
		324ED9A170AAAD582D40AC59 /* Share.app */ = {isa = PBXFileReference; explicitFileType = wrapper.application; includeInIndex = 0; path = Share.app; sourceTree = BUILT_PRODUCTS_DIR; };
		5200023128021C0D458668B2 /* ShareApp.swift */ = {isa = PBXFileReference; lastKnownFileType = sourcecode.swift; path = ShareApp.swift; sourceTree = "<group>"; };
		AA14FA9AA9563231876478D2 /* ContentView.swift */ = {isa = PBXFileReference; lastKnownFileType = sourcecode.swift; path = ContentView.swift; sourceTree = "<group>"; };
		B4733358D225C801EA0DE04D /* ShareExtension.appex */ = {isa = PBXFileReference; includeInIndex = 0; lastKnownFileType = "wrapper.app-extension"; path = ShareExtension.appex; sourceTree = BUILT_PRODUCTS_DIR; };
		EA9B778073049CE5913585B8 /* ShareViewController.swift */ = {isa = PBXFileReference; lastKnownFileType = sourcecode.swift; path = ShareViewController.swift; sourceTree = "<group>"; };
		F9A91E0C396C8570D3BB0BF8 /* Share.app */ = {isa = PBXFileReference; includeInIndex = 0; lastKnownFileType = wrapper.application; path = Share.app; sourceTree = BUILT_PRODUCTS_DIR; };
/* End PBXFileReference section */

/* Begin PBXGroup section */
		287DE44B10B0F9FBD613F072 /* Share */ = {
			isa = PBXGroup;
			children = (
				BA4C9742E5730D42CD06EE4C /* App */,
				C30954CBEB49817FE2ADE9C4 /* ShareExtension */,
			);
			path = Share;
			sourceTree = "<group>";
		};
		4607E346C1349F22B3E55B27 /* Products */ = {
			isa = PBXGroup;
			children = (
				F9A91E0C396C8570D3BB0BF8 /* Share.app */,
				324ED9A170AAAD582D40AC59 /* Share.app */,
				B4733358D225C801EA0DE04D /* ShareExtension.appex */,
			);
			name = Products;
			sourceTree = "<group>";
		};
		A34D4368F344489E5D7323BE = {
			isa = PBXGroup;
			children = (
				287DE44B10B0F9FBD613F072 /* Share */,
				4607E346C1349F22B3E55B27 /* Products */,
			);
			sourceTree = "<group>";
		};
		BA4C9742E5730D42CD06EE4C /* App */ = {
			isa = PBXGroup;
			children = (
				AA14FA9AA9563231876478D2 /* ContentView.swift */,
				5200023128021C0D458668B2 /* ShareApp.swift */,
			);
			path = App;
			sourceTree = "<group>";
		};
		C30954CBEB49817FE2ADE9C4 /* ShareExtension */ = {
			isa = PBXGroup;
			children = (
				EA9B778073049CE5913585B8 /* ShareViewController.swift */,
			);
			path = ShareExtension;
			sourceTree = "<group>";
		};
/* End PBXGroup section */

/* Begin PBXNativeTarget section */
		30F37BD649F188385D7E7B02 /* ShareExtension */ = {
			isa = PBXNativeTarget;
			buildConfigurationList = C6B3B6120360AB1B489DF521 /* Build configuration list for PBXNativeTarget "ShareExtension" */;
			buildPhases = (
				A280D43E7AF446CE0E74E369 /* Sources */,
			);
			buildRules = (
			);
			dependencies = (
			);
			name = ShareExtension;
			packageProductDependencies = (
			);
			productName = ShareExtension;
			productReference = B4733358D225C801EA0DE04D /* ShareExtension.appex */;
			productType = "com.apple.product-type.app-extension";
		};
		4F9C589699467593E199FD17 /* Share_macOS */ = {
			isa = PBXNativeTarget;
			buildConfigurationList = EDFC558E6A0DA69DB0E10F7C /* Build configuration list for PBXNativeTarget "Share_macOS" */;
			buildPhases = (
				E441BC3A206DF5A91ACE1AA0 /* Sources */,
			);
			buildRules = (
			);
			dependencies = (
			);
			name = Share_macOS;
			packageProductDependencies = (
			);
			productName = Share_macOS;
			productReference = 324ED9A170AAAD582D40AC59 /* Share.app */;
			productType = "com.apple.product-type.application";
		};
		92EB2BA27B0BC2969AC5A4A6 /* Share_iOS */ = {
			isa = PBXNativeTarget;
			buildConfigurationList = CEAB9DF2F929FB9B51E0AE17 /* Build configuration list for PBXNativeTarget "Share_iOS" */;
			buildPhases = (
				5BF16DE6F907CA86CA462A2E /* Sources */,
				B8EF93A7A9F9DFDFB246455D /* Embed Foundation Extensions */,
			);
			buildRules = (
			);
			dependencies = (
				83BC59DBBC5E0B9E81E5A943 /* PBXTargetDependency */,
			);
			name = Share_iOS;
			packageProductDependencies = (
			);
			productName = Share_iOS;
			productReference = F9A91E0C396C8570D3BB0BF8 /* Share.app */;
			productType = "com.apple.product-type.application";
		};
/* End PBXNativeTarget section */

/* Begin PBXProject section */
		BB9E9C2ED142A45F39943AA7 /* Project object */ = {
			isa = PBXProject;
			attributes = {
				BuildIndependentTargetsInParallel = YES;
				LastUpgradeCheck = 1500;
				TargetAttributes = {
				};
			};
			buildConfigurationList = 8DD31D75CA2BE89D750A98DA /* Build configuration list for PBXProject "Share" */;
			developmentRegion = en;
			hasScannedForEncodings = 0;
			knownRegions = (
				Base,
				en,
			);
			mainGroup = A34D4368F344489E5D7323BE;
			minimizedProjectReferenceProxies = 1;
			preferredProjectObjectVersion = 77;
			productRefGroup = 4607E346C1349F22B3E55B27 /* Products */;
			projectDirPath = "";
			projectRoot = "";
			targets = (
				30F37BD649F188385D7E7B02 /* ShareExtension */,
				92EB2BA27B0BC2969AC5A4A6 /* Share_iOS */,
				4F9C589699467593E199FD17 /* Share_macOS */,
			);
		};
/* End PBXProject section */

/* Begin PBXSourcesBuildPhase section */
		5BF16DE6F907CA86CA462A2E /* Sources */ = {
			isa = PBXSourcesBuildPhase;
			buildActionMask = 2147483647;
			files = (
				7791C0BE0DFE65E0007BD15B /* ContentView.swift in Sources */,
				D6BDB115BD3034E2C6DBB12A /* ShareApp.swift in Sources */,
			);
			runOnlyForDeploymentPostprocessing = 0;
		};
		A280D43E7AF446CE0E74E369 /* Sources */ = {
			isa = PBXSourcesBuildPhase;
			buildActionMask = 2147483647;
			files = (
				6CEE0A539B06665360963E9A /* ShareViewController.swift in Sources */,
			);
			runOnlyForDeploymentPostprocessing = 0;
		};
		E441BC3A206DF5A91ACE1AA0 /* Sources */ = {
			isa = PBXSourcesBuildPhase;
			buildActionMask = 2147483647;
			files = (
				BDBC09F4CA290ED40F4A6A71 /* ContentView.swift in Sources */,
				A9BC54836DB0914D54426086 /* ShareApp.swift in Sources */,
			);
			runOnlyForDeploymentPostprocessing = 0;
		};
/* End PBXSourcesBuildPhase section */

/* Begin PBXTargetDependency section */
		83BC59DBBC5E0B9E81E5A943 /* PBXTargetDependency */ = {
			isa = PBXTargetDependency;
			target = 30F37BD649F188385D7E7B02 /* ShareExtension */;
			targetProxy = 66CFBE8FAADD98BD698FDD7E /* PBXContainerItemProxy */;
		};
/* End PBXTargetDependency section */

/* Begin XCBuildConfiguration section */
		06FD5EE12A19C7A61DA7C02E /* Debug */ = {
			isa = XCBuildConfiguration;
			buildSettings = {
				CODE_SIGN_ENTITLEMENTS = ShareExtension.entitlements;
				CODE_SIGN_IDENTITY = "Apple Development";
				ENABLE_HARDENED_RUNTIME = YES;
				INFOPLIST_FILE = Share/ShareExtension/Info.plist;
				IPHONEOS_DEPLOYMENT_TARGET = 17.0;
				LD_RUNPATH_SEARCH_PATHS = (
					"$(inherited)",
					"@executable_path/Frameworks",
					"@executable_path/../../Frameworks",
				);
				PRODUCT_BUNDLE_IDENTIFIER = dev.eythorsson.share.ShareExtension;
				PRODUCT_NAME = ShareExtension;
				SDKROOT = iphoneos;
				TARGETED_DEVICE_FAMILY = "1,2";
			};
			name = Debug;
		};
		1E475E31E69A78C87939C5F8 /* Debug */ = {
			isa = XCBuildConfiguration;
			buildSettings = {
				ASSETCATALOG_COMPILER_APPICON_NAME = AppIcon;
				ASSETCATALOG_COMPILER_GLOBAL_ACCENT_COLOR_NAME = AccentColor;
				CODE_SIGN_ENTITLEMENTS = Share.entitlements;
				CODE_SIGN_IDENTITY = "Apple Development";
				ENABLE_HARDENED_RUNTIME = YES;
				GENERATE_INFOPLIST_FILE = YES;
				INFOPLIST_FILE = "";
				INFOPLIST_KEY_CFBundleDisplayName = Share;
				INFOPLIST_KEY_NSHumanReadableCopyright = "";
				IPHONEOS_DEPLOYMENT_TARGET = 17.0;
				LD_RUNPATH_SEARCH_PATHS = (
					"$(inherited)",
					"@executable_path/Frameworks",
				);
				PRODUCT_BUNDLE_IDENTIFIER = dev.eythorsson.share;
				PRODUCT_NAME = Share;
				SDKROOT = iphoneos;
				TARGETED_DEVICE_FAMILY = "1,2";
			};
			name = Debug;
		};
		44BF2B7BE6D7E1CAF4E16BAA /* Release */ = {
			isa = XCBuildConfiguration;
			buildSettings = {
				ALWAYS_SEARCH_USER_PATHS = NO;
				CLANG_ANALYZER_NONNULL = YES;
				CLANG_ANALYZER_NUMBER_OBJECT_CONVERSION = YES_AGGRESSIVE;
				CLANG_CXX_LANGUAGE_STANDARD = "gnu++14";
				CLANG_CXX_LIBRARY = "libc++";
				CLANG_ENABLE_MODULES = YES;
				CLANG_ENABLE_OBJC_ARC = YES;
				CLANG_ENABLE_OBJC_WEAK = YES;
				CLANG_WARN_BLOCK_CAPTURE_AUTORELEASING = YES;
				CLANG_WARN_BOOL_CONVERSION = YES;
				CLANG_WARN_COMMA = YES;
				CLANG_WARN_CONSTANT_CONVERSION = YES;
				CLANG_WARN_DEPRECATED_OBJC_IMPLEMENTATIONS = YES;
				CLANG_WARN_DIRECT_OBJC_ISA_USAGE = YES_ERROR;
				CLANG_WARN_DOCUMENTATION_COMMENTS = YES;
				CLANG_WARN_EMPTY_BODY = YES;
				CLANG_WARN_ENUM_CONVERSION = YES;
				CLANG_WARN_INFINITE_RECURSION = YES;
				CLANG_WARN_INT_CONVERSION = YES;
				CLANG_WARN_NON_LITERAL_NULL_CONVERSION = YES;
				CLANG_WARN_OBJC_IMPLICIT_RETAIN_SELF = YES;
				CLANG_WARN_OBJC_LITERAL_CONVERSION = YES;
				CLANG_WARN_OBJC_ROOT_CLASS = YES_ERROR;
				CLANG_WARN_QUOTED_INCLUDE_IN_FRAMEWORK_HEADER = YES;
				CLANG_WARN_RANGE_LOOP_ANALYSIS = YES;
				CLANG_WARN_STRICT_PROTOTYPES = YES;
				CLANG_WARN_SUSPICIOUS_MOVE = YES;
				CLANG_WARN_UNGUARDED_AVAILABILITY = YES_AGGRESSIVE;
				CLANG_WARN_UNREACHABLE_CODE = YES;
				CLANG_WARN__DUPLICATE_METHOD_MATCH = YES;
				COPY_PHASE_STRIP = NO;
				CURRENT_PROJECT_VERSION = 1;
				DEBUG_INFORMATION_FORMAT = "dwarf-with-dsym";
				ENABLE_NS_ASSERTIONS = NO;
				ENABLE_STRICT_OBJC_MSGSEND = YES;
				GCC_C_LANGUAGE_STANDARD = gnu11;
				GCC_NO_COMMON_BLOCKS = YES;
				GCC_WARN_64_TO_32_BIT_CONVERSION = YES;
				GCC_WARN_ABOUT_RETURN_TYPE = YES_ERROR;
				GCC_WARN_UNDECLARED_SELECTOR = YES;
				GCC_WARN_UNINITIALIZED_AUTOS = YES_AGGRESSIVE;
				GCC_WARN_UNUSED_FUNCTION = YES;
				GCC_WARN_UNUSED_VARIABLE = YES;
				IPHONEOS_DEPLOYMENT_TARGET = 17.0;
				MACOSX_DEPLOYMENT_TARGET = 14.0;
				MARKETING_VERSION = 1.0.0;
				MTL_ENABLE_DEBUG_INFO = NO;
				MTL_FAST_MATH = YES;
				PRODUCT_NAME = "$(TARGET_NAME)";
				SWIFT_COMPILATION_MODE = wholemodule;
				SWIFT_OPTIMIZATION_LEVEL = "-O";
				SWIFT_VERSION = 5.9;
			};
			name = Release;
		};
		90A83F399A748E7708A6D34E /* Debug */ = {
			isa = XCBuildConfiguration;
			buildSettings = {
				ALWAYS_SEARCH_USER_PATHS = NO;
				CLANG_ANALYZER_NONNULL = YES;
				CLANG_ANALYZER_NUMBER_OBJECT_CONVERSION = YES_AGGRESSIVE;
				CLANG_CXX_LANGUAGE_STANDARD = "gnu++14";
				CLANG_CXX_LIBRARY = "libc++";
				CLANG_ENABLE_MODULES = YES;
				CLANG_ENABLE_OBJC_ARC = YES;
				CLANG_ENABLE_OBJC_WEAK = YES;
				CLANG_WARN_BLOCK_CAPTURE_AUTORELEASING = YES;
				CLANG_WARN_BOOL_CONVERSION = YES;
				CLANG_WARN_COMMA = YES;
				CLANG_WARN_CONSTANT_CONVERSION = YES;
				CLANG_WARN_DEPRECATED_OBJC_IMPLEMENTATIONS = YES;
				CLANG_WARN_DIRECT_OBJC_ISA_USAGE = YES_ERROR;
				CLANG_WARN_DOCUMENTATION_COMMENTS = YES;
				CLANG_WARN_EMPTY_BODY = YES;
				CLANG_WARN_ENUM_CONVERSION = YES;
				CLANG_WARN_INFINITE_RECURSION = YES;
				CLANG_WARN_INT_CONVERSION = YES;
				CLANG_WARN_NON_LITERAL_NULL_CONVERSION = YES;
				CLANG_WARN_OBJC_IMPLICIT_RETAIN_SELF = YES;
				CLANG_WARN_OBJC_LITERAL_CONVERSION = YES;
				CLANG_WARN_OBJC_ROOT_CLASS = YES_ERROR;
				CLANG_WARN_QUOTED_INCLUDE_IN_FRAMEWORK_HEADER = YES;
				CLANG_WARN_RANGE_LOOP_ANALYSIS = YES;
				CLANG_WARN_STRICT_PROTOTYPES = YES;
				CLANG_WARN_SUSPICIOUS_MOVE = YES;
				CLANG_WARN_UNGUARDED_AVAILABILITY = YES_AGGRESSIVE;
				CLANG_WARN_UNREACHABLE_CODE = YES;
				CLANG_WARN__DUPLICATE_METHOD_MATCH = YES;
				COPY_PHASE_STRIP = NO;
				CURRENT_PROJECT_VERSION = 1;
				DEBUG_INFORMATION_FORMAT = dwarf;
				ENABLE_STRICT_OBJC_MSGSEND = YES;
				ENABLE_TESTABILITY = YES;
				GCC_C_LANGUAGE_STANDARD = gnu11;
				GCC_DYNAMIC_NO_PIC = NO;
				GCC_NO_COMMON_BLOCKS = YES;
				GCC_OPTIMIZATION_LEVEL = 0;
				GCC_PREPROCESSOR_DEFINITIONS = (
					"$(inherited)",
					"DEBUG=1",
				);
				GCC_WARN_64_TO_32_BIT_CONVERSION = YES;
				GCC_WARN_ABOUT_RETURN_TYPE = YES_ERROR;
				GCC_WARN_UNDECLARED_SELECTOR = YES;
				GCC_WARN_UNINITIALIZED_AUTOS = YES_AGGRESSIVE;
				GCC_WARN_UNUSED_FUNCTION = YES;
				GCC_WARN_UNUSED_VARIABLE = YES;
				IPHONEOS_DEPLOYMENT_TARGET = 17.0;
				MACOSX_DEPLOYMENT_TARGET = 14.0;
				MARKETING_VERSION = 1.0.0;
				MTL_ENABLE_DEBUG_INFO = INCLUDE_SOURCE;
				MTL_FAST_MATH = YES;
				ONLY_ACTIVE_ARCH = YES;
				PRODUCT_NAME = "$(TARGET_NAME)";
				SWIFT_ACTIVE_COMPILATION_CONDITIONS = DEBUG;
				SWIFT_OPTIMIZATION_LEVEL = "-Onone";
				SWIFT_VERSION = 5.9;
			};
			name = Debug;
		};
		BE0C6815591BD45EA004A9E8 /* Release */ = {
			isa = XCBuildConfiguration;
			buildSettings = {
				ASSETCATALOG_COMPILER_APPICON_NAME = AppIcon;
				ASSETCATALOG_COMPILER_GLOBAL_ACCENT_COLOR_NAME = AccentColor;
				CODE_SIGN_ENTITLEMENTS = Share.entitlements;
				CODE_SIGN_IDENTITY = "Apple Distribution";
				ENABLE_HARDENED_RUNTIME = YES;
				GENERATE_INFOPLIST_FILE = YES;
				INFOPLIST_FILE = "";
				INFOPLIST_KEY_CFBundleDisplayName = Share;
				INFOPLIST_KEY_NSHumanReadableCopyright = "";
				IPHONEOS_DEPLOYMENT_TARGET = 17.0;
				LD_RUNPATH_SEARCH_PATHS = (
					"$(inherited)",
					"@executable_path/Frameworks",
				);
				PRODUCT_BUNDLE_IDENTIFIER = dev.eythorsson.share;
				PRODUCT_NAME = Share;
				SDKROOT = iphoneos;
				TARGETED_DEVICE_FAMILY = "1,2";
			};
			name = Release;
		};
		CBBDE18F5F75ACDE7904F7BB /* Debug */ = {
			isa = XCBuildConfiguration;
			buildSettings = {
				ASSETCATALOG_COMPILER_APPICON_NAME = AppIcon;
				ASSETCATALOG_COMPILER_GLOBAL_ACCENT_COLOR_NAME = AccentColor;
				CODE_SIGN_ENTITLEMENTS = Share.entitlements;
				CODE_SIGN_IDENTITY = "Apple Development";
				COMBINE_HIDPI_IMAGES = YES;
				ENABLE_HARDENED_RUNTIME = YES;
				GENERATE_INFOPLIST_FILE = YES;
				INFOPLIST_FILE = "";
				INFOPLIST_KEY_CFBundleDisplayName = Share;
				INFOPLIST_KEY_NSHumanReadableCopyright = "";
				LD_RUNPATH_SEARCH_PATHS = (
					"$(inherited)",
					"@executable_path/../Frameworks",
				);
				MACOSX_DEPLOYMENT_TARGET = 14.0;
				PRODUCT_BUNDLE_IDENTIFIER = dev.eythorsson.share;
				PRODUCT_NAME = Share;
				SDKROOT = macosx;
			};
			name = Debug;
		};
		E7B0072AD8FF4B74041CB4EA /* Release */ = {
			isa = XCBuildConfiguration;
			buildSettings = {
				ASSETCATALOG_COMPILER_APPICON_NAME = AppIcon;
				ASSETCATALOG_COMPILER_GLOBAL_ACCENT_COLOR_NAME = AccentColor;
				CODE_SIGN_ENTITLEMENTS = Share.entitlements;
				CODE_SIGN_IDENTITY = "Apple Distribution";
				COMBINE_HIDPI_IMAGES = YES;
				ENABLE_HARDENED_RUNTIME = YES;
				GENERATE_INFOPLIST_FILE = YES;
				INFOPLIST_FILE = "";
				INFOPLIST_KEY_CFBundleDisplayName = Share;
				INFOPLIST_KEY_NSHumanReadableCopyright = "";
				LD_RUNPATH_SEARCH_PATHS = (
					"$(inherited)",
					"@executable_path/../Frameworks",
				);
				MACOSX_DEPLOYMENT_TARGET = 14.0;
				PRODUCT_BUNDLE_IDENTIFIER = dev.eythorsson.share;
				PRODUCT_NAME = Share;
				SDKROOT = macosx;
			};
			name = Release;
		};
		F66B1AB2ABE3A3860068693F /* Release */ = {
			isa = XCBuildConfiguration;
			buildSettings = {
				CODE_SIGN_ENTITLEMENTS = ShareExtension.entitlements;
				CODE_SIGN_IDENTITY = "Apple Distribution";
				ENABLE_HARDENED_RUNTIME = YES;
				INFOPLIST_FILE = Share/ShareExtension/Info.plist;
				IPHONEOS_DEPLOYMENT_TARGET = 17.0;
				LD_RUNPATH_SEARCH_PATHS = (
					"$(inherited)",
					"@executable_path/Frameworks",
					"@executable_path/../../Frameworks",
				);
				PRODUCT_BUNDLE_IDENTIFIER = dev.eythorsson.share.ShareExtension;
				PRODUCT_NAME = ShareExtension;
				SDKROOT = iphoneos;
				TARGETED_DEVICE_FAMILY = "1,2";
			};
			name = Release;
		};
/* End XCBuildConfiguration section */

/* Begin XCConfigurationList section */
		8DD31D75CA2BE89D750A98DA /* Build configuration list for PBXProject "Share" */ = {
			isa = XCConfigurationList;
			buildConfigurations = (
				90A83F399A748E7708A6D34E /* Debug */,
				44BF2B7BE6D7E1CAF4E16BAA /* Release */,
			);
			defaultConfigurationIsVisible = 0;
			defaultConfigurationName = Debug;
		};
		C6B3B6120360AB1B489DF521 /* Build configuration list for PBXNativeTarget "ShareExtension" */ = {
			isa = XCConfigurationList;
			buildConfigurations = (
				06FD5EE12A19C7A61DA7C02E /* Debug */,
				F66B1AB2ABE3A3860068693F /* Release */,
			);
			defaultConfigurationIsVisible = 0;
			defaultConfigurationName = Debug;
		};
		CEAB9DF2F929FB9B51E0AE17 /* Build configuration list for PBXNativeTarget "Share_iOS" */ = {
			isa = XCConfigurationList;
			buildConfigurations = (
				1E475E31E69A78C87939C5F8 /* Debug */,
				BE0C6815591BD45EA004A9E8 /* Release */,
			);
			defaultConfigurationIsVisible = 0;
			defaultConfigurationName = Debug;
		};
		EDFC558E6A0DA69DB0E10F7C /* Build configuration list for PBXNativeTarget "Share_macOS" */ = {
			isa = XCConfigurationList;
			buildConfigurations = (
				CBBDE18F5F75ACDE7904F7BB /* Debug */,
				E7B0072AD8FF4B74041CB4EA /* Release */,
			);
			defaultConfigurationIsVisible = 0;
			defaultConfigurationName = Debug;
		};
/* End XCConfigurationList section */
	};
	rootObject = BB9E9C2ED142A45F39943AA7 /* Project object */;
}
